// !$*UTF8*$!
{
	archiveVersion = 1;
	classes = {
	};
	objectVersion = 56;
	objects = {

/* Begin PBXBuildFile section */
		343D73D72A5D088A0082E9B8 /* CNSettingsViewViewModel.swift in Sources */ = {isa = PBXBuildFile; fileRef = 343D73D62A5D088A0082E9B8 /* CNSettingsViewViewModel.swift */; };
		343D73D92A5D08D60082E9B8 /* CNSettingsCellViewViewModel.swift in Sources */ = {isa = PBXBuildFile; fileRef = 343D73D82A5D08D60082E9B8 /* CNSettingsCellViewViewModel.swift */; };
		343D73DB2A5D09A50082E9B8 /* CNSettingsOption.swift in Sources */ = {isa = PBXBuildFile; fileRef = 343D73DA2A5D09A50082E9B8 /* CNSettingsOption.swift */; };
		343D73DE2A5D0EC10082E9B8 /* CNSettingsView.swift in Sources */ = {isa = PBXBuildFile; fileRef = 343D73DD2A5D0EC10082E9B8 /* CNSettingsView.swift */; };
		343D73E12A5E7E420082E9B8 /* CNLocationView.swift in Sources */ = {isa = PBXBuildFile; fileRef = 343D73E02A5E7E420082E9B8 /* CNLocationView.swift */; };
		343D73E42A5E82E10082E9B8 /* CNLocationViewModel.swift in Sources */ = {isa = PBXBuildFile; fileRef = 343D73E32A5E82E10082E9B8 /* CNLocationViewModel.swift */; };
		3456A07E2A5FBA3100DF9B9C /* CNGetAllLocationsResponse.swift in Sources */ = {isa = PBXBuildFile; fileRef = 3456A07D2A5FBA3100DF9B9C /* CNGetAllLocationsResponse.swift */; };
		3456A0802A5FBC7700DF9B9C /* CNLocationTableViewCell.swift in Sources */ = {isa = PBXBuildFile; fileRef = 3456A07F2A5FBC7700DF9B9C /* CNLocationTableViewCell.swift */; };
		3456A0822A5FBD4800DF9B9C /* CNLocationTableViewCellViewModel.swift in Sources */ = {isa = PBXBuildFile; fileRef = 3456A0812A5FBD4800DF9B9C /* CNLocationTableViewCellViewModel.swift */; };
		3457D6D72A36A3A80067D9CC /* AppDelegate.swift in Sources */ = {isa = PBXBuildFile; fileRef = 3457D6D62A36A3A80067D9CC /* AppDelegate.swift */; };
		3457D6D92A36A3A80067D9CC /* SceneDelegate.swift in Sources */ = {isa = PBXBuildFile; fileRef = 3457D6D82A36A3A80067D9CC /* SceneDelegate.swift */; };
		3457D6DB2A36A3A80067D9CC /* CNTabBarViewController.swift in Sources */ = {isa = PBXBuildFile; fileRef = 3457D6DA2A36A3A80067D9CC /* CNTabBarViewController.swift */; };
		3457D6E02A36A3A90067D9CC /* Assets.xcassets in Resources */ = {isa = PBXBuildFile; fileRef = 3457D6DF2A36A3A90067D9CC /* Assets.xcassets */; };
		3457D6E32A36A3A90067D9CC /* LaunchScreen.storyboard in Resources */ = {isa = PBXBuildFile; fileRef = 3457D6E12A36A3A90067D9CC /* LaunchScreen.storyboard */; };
		3457D6F42A36BE8A0067D9CC /* CNLocation.swift in Sources */ = {isa = PBXBuildFile; fileRef = 3457D6F32A36BE8A0067D9CC /* CNLocation.swift */; };
		3457D6F62A36BEA10067D9CC /* CNCharacter.swift in Sources */ = {isa = PBXBuildFile; fileRef = 3457D6F52A36BEA10067D9CC /* CNCharacter.swift */; };
		3457D6F82A36BEAC0067D9CC /* CNEpisode.swift in Sources */ = {isa = PBXBuildFile; fileRef = 3457D6F72A36BEAC0067D9CC /* CNEpisode.swift */; };
		3457D6FB2A36C2680067D9CC /* CNCharactersViewController.swift in Sources */ = {isa = PBXBuildFile; fileRef = 3457D6FA2A36C2680067D9CC /* CNCharactersViewController.swift */; };
		3457D6FD2A36C27B0067D9CC /* CNLocationsViewController.swift in Sources */ = {isa = PBXBuildFile; fileRef = 3457D6FC2A36C27B0067D9CC /* CNLocationsViewController.swift */; };
		3457D6FF2A36C2850067D9CC /* CNEpisodesViewController.swift in Sources */ = {isa = PBXBuildFile; fileRef = 3457D6FE2A36C2850067D9CC /* CNEpisodesViewController.swift */; };
		3457D7012A36C28F0067D9CC /* CNSettingsViewController.swift in Sources */ = {isa = PBXBuildFile; fileRef = 3457D7002A36C28F0067D9CC /* CNSettingsViewController.swift */; };
		345B64882A58F71400E14535 /* CNAPICacheManager.swift in Sources */ = {isa = PBXBuildFile; fileRef = 345B64872A58F71400E14535 /* CNAPICacheManager.swift */; };
		345B648A2A5906EE00E14535 /* CNEpisodeDetailViewViewModel.swift in Sources */ = {isa = PBXBuildFile; fileRef = 345B64892A5906EE00E14535 /* CNEpisodeDetailViewViewModel.swift */; };
		345B648C2A59078500E14535 /* CNEpisodeDetailView.swift in Sources */ = {isa = PBXBuildFile; fileRef = 345B648B2A59078500E14535 /* CNEpisodeDetailView.swift */; };
		345B64902A590DCE00E14535 /* CNEpisodeListView.swift in Sources */ = {isa = PBXBuildFile; fileRef = 345B648F2A590DCE00E14535 /* CNEpisodeListView.swift */; };
		345B64922A59112600E14535 /* CNEpisodeListViewViewModel.swift in Sources */ = {isa = PBXBuildFile; fileRef = 345B64912A59112600E14535 /* CNEpisodeListViewViewModel.swift */; };
		345B64942A59146100E14535 /* CNGetAllEpisodesResponse.swift in Sources */ = {isa = PBXBuildFile; fileRef = 345B64932A59146100E14535 /* CNGetAllEpisodesResponse.swift */; };
		345B64982A5A684900E14535 /* CNSearchViewController.swift in Sources */ = {isa = PBXBuildFile; fileRef = 345B64972A5A684900E14535 /* CNSearchViewController.swift */; };
		346256212A3FF39000EE09CB /* CNService.swift in Sources */ = {isa = PBXBuildFile; fileRef = 346256202A3FF39000EE09CB /* CNService.swift */; };
		346256232A3FF3A300EE09CB /* CNRequest.swift in Sources */ = {isa = PBXBuildFile; fileRef = 346256222A3FF3A300EE09CB /* CNRequest.swift */; };
		346256252A3FF43700EE09CB /* CNEndpoint.swift in Sources */ = {isa = PBXBuildFile; fileRef = 346256242A3FF43600EE09CB /* CNEndpoint.swift */; };
		346256272A3FFAC600EE09CB /* CNOrigin.swift in Sources */ = {isa = PBXBuildFile; fileRef = 346256262A3FFAC600EE09CB /* CNOrigin.swift */; };
		346256292A3FFB6000EE09CB /* CNSingleLocation.swift in Sources */ = {isa = PBXBuildFile; fileRef = 346256282A3FFB6000EE09CB /* CNSingleLocation.swift */; };
		3462562B2A3FFCBB00EE09CB /* CNCharacterStatus.swift in Sources */ = {isa = PBXBuildFile; fileRef = 3462562A2A3FFCBB00EE09CB /* CNCharacterStatus.swift */; };
		3462562D2A3FFCD600EE09CB /* CNCharacterGender.swift in Sources */ = {isa = PBXBuildFile; fileRef = 3462562C2A3FFCD600EE09CB /* CNCharacterGender.swift */; };
		34631E1C2A64F59E001161BD /* CNSearchOptionPickerViewController.swift in Sources */ = {isa = PBXBuildFile; fileRef = 34631E1B2A64F59E001161BD /* CNSearchOptionPickerViewController.swift */; };
		346567BA2A5BA1AF00B0AEB1 /* CNEpisodeInfoCollectionViewCell.swift in Sources */ = {isa = PBXBuildFile; fileRef = 346567B92A5BA1AF00B0AEB1 /* CNEpisodeInfoCollectionViewCell.swift */; };
		346567BC2A5BA1CA00B0AEB1 /* CNEpisodeInfoCollectionViewCellViewModel.swift in Sources */ = {isa = PBXBuildFile; fileRef = 346567BB2A5BA1CA00B0AEB1 /* CNEpisodeInfoCollectionViewCellViewModel.swift */; };
		3477C8122A625A2A00E347A8 /* CNLocationDetailViewController.swift in Sources */ = {isa = PBXBuildFile; fileRef = 3477C8112A625A2A00E347A8 /* CNLocationDetailViewController.swift */; };
		3477C8162A625E6A00E347A8 /* CNLocationDetailView.swift in Sources */ = {isa = PBXBuildFile; fileRef = 3477C8152A625E6A00E347A8 /* CNLocationDetailView.swift */; };
		3477C8182A625F4200E347A8 /* CNLocationDetailViewModel.swift in Sources */ = {isa = PBXBuildFile; fileRef = 3477C8172A625F4200E347A8 /* CNLocationDetailViewModel.swift */; };
		3477C81B2A626A3500E347A8 /* CNSearchView.swift in Sources */ = {isa = PBXBuildFile; fileRef = 3477C81A2A626A3500E347A8 /* CNSearchView.swift */; };
		3477C81E2A626B0300E347A8 /* CNSearchViewViewModel.swift in Sources */ = {isa = PBXBuildFile; fileRef = 3477C81D2A626B0300E347A8 /* CNSearchViewViewModel.swift */; };
		3477C8202A626DF000E347A8 /* CNNoSearchResultsView.swift in Sources */ = {isa = PBXBuildFile; fileRef = 3477C81F2A626DF000E347A8 /* CNNoSearchResultsView.swift */; };
		3477C8222A626E0A00E347A8 /* CNNoSearchResultsViewModel.swift in Sources */ = {isa = PBXBuildFile; fileRef = 3477C8212A626E0A00E347A8 /* CNNoSearchResultsViewModel.swift */; };
		3477C8242A626E4C00E347A8 /* CNSearchInputVIew.swift in Sources */ = {isa = PBXBuildFile; fileRef = 3477C8232A626E4C00E347A8 /* CNSearchInputVIew.swift */; };
		3477C8262A626E5900E347A8 /* CNSearchInputVIewViewModel.swift in Sources */ = {isa = PBXBuildFile; fileRef = 3477C8252A626E5900E347A8 /* CNSearchInputVIewViewModel.swift */; };
		348ADAD92A512D28008D65CD /* CNCharacterDetailViewController.swift in Sources */ = {isa = PBXBuildFile; fileRef = 348ADAD82A512D28008D65CD /* CNCharacterDetailViewController.swift */; };
		348ADADB2A512EA8008D65CD /* CNCharacterDetailView.swift in Sources */ = {isa = PBXBuildFile; fileRef = 348ADADA2A512EA8008D65CD /* CNCharacterDetailView.swift */; };
		348ADADD2A512EC3008D65CD /* CNCharacterDetailViewViewModel.swift in Sources */ = {isa = PBXBuildFile; fileRef = 348ADADC2A512EC3008D65CD /* CNCharacterDetailViewViewModel.swift */; };
		348ADADF2A5233A8008D65CD /* CNFooterLoadingCollectionReusableView.swift in Sources */ = {isa = PBXBuildFile; fileRef = 348ADADE2A5233A8008D65CD /* CNFooterLoadingCollectionReusableView.swift */; };
		34A99DEE2A494EAD002B4916 /* Extensions.swift in Sources */ = {isa = PBXBuildFile; fileRef = 34A99DED2A494EAD002B4916 /* Extensions.swift */; };
		34A99DF02A4AA35F002B4916 /* CNCharacterCollectionViewCell.swift in Sources */ = {isa = PBXBuildFile; fileRef = 34A99DEF2A4AA35F002B4916 /* CNCharacterCollectionViewCell.swift */; };
		34A99DF22A4BE593002B4916 /* CNCharacterCollectionViewCellViewModel.swift in Sources */ = {isa = PBXBuildFile; fileRef = 34A99DF12A4BE593002B4916 /* CNCharacterCollectionViewCellViewModel.swift */; };
		34B0E5332A44045700CBAEB4 /* CNGetAllCharactersResponse.swift in Sources */ = {isa = PBXBuildFile; fileRef = 34B0E5322A44045700CBAEB4 /* CNGetAllCharactersResponse.swift */; };
		34B0E5352A49187300CBAEB4 /* CNCharacterListViewViewModel.swift in Sources */ = {isa = PBXBuildFile; fileRef = 34B0E5342A49187300CBAEB4 /* CNCharacterListViewViewModel.swift */; };
		34B0E5372A49190B00CBAEB4 /* CNCharacterListView.swift in Sources */ = {isa = PBXBuildFile; fileRef = 34B0E5362A49190B00CBAEB4 /* CNCharacterListView.swift */; };
		34CAA72C2A92BA1200CBE8A7 /* CNTableLoadingFooterView.swift in Sources */ = {isa = PBXBuildFile; fileRef = 34CAA72B2A92BA1200CBE8A7 /* CNTableLoadingFooterView.swift */; };
		34DD81CF2A57D6C900985887 /* CNEpisodeDetailViewController.swift in Sources */ = {isa = PBXBuildFile; fileRef = 34DD81CE2A57D6C900985887 /* CNEpisodeDetailViewController.swift */; };
		34DF692A2A6CC01800833205 /* CNSearchResultType.swift in Sources */ = {isa = PBXBuildFile; fileRef = 34DF69292A6CC01800833205 /* CNSearchResultType.swift */; };
		34DF692C2A6CE61000833205 /* CNSearchResultView.swift in Sources */ = {isa = PBXBuildFile; fileRef = 34DF692B2A6CE61000833205 /* CNSearchResultView.swift */; };
		34F76B552A5395FD00E83E17 /* CNImageLoader.swift in Sources */ = {isa = PBXBuildFile; fileRef = 34F76B542A5395FD00E83E17 /* CNImageLoader.swift */; };
		34F76B592A55342400E83E17 /* CNCharacterPhotoCollectionViewCell.swift in Sources */ = {isa = PBXBuildFile; fileRef = 34F76B582A55342400E83E17 /* CNCharacterPhotoCollectionViewCell.swift */; };
		34F76B5B2A55344900E83E17 /* CNCharacterInformationCollectionViewCell.swift in Sources */ = {isa = PBXBuildFile; fileRef = 34F76B5A2A55344900E83E17 /* CNCharacterInformationCollectionViewCell.swift */; };
		34F76B5D2A55345A00E83E17 /* CNCharacterEpisodeCollectionViewCell.swift in Sources */ = {isa = PBXBuildFile; fileRef = 34F76B5C2A55345A00E83E17 /* CNCharacterEpisodeCollectionViewCell.swift */; };
		34F76B602A5534B900E83E17 /* CNCharacterPhotoCollectionViewViewModel.swift in Sources */ = {isa = PBXBuildFile; fileRef = 34F76B5F2A5534B900E83E17 /* CNCharacterPhotoCollectionViewViewModel.swift */; };
		34F76B622A5534CD00E83E17 /* CNCharacterInformationCollectionViewViewModel.swift in Sources */ = {isa = PBXBuildFile; fileRef = 34F76B612A5534CD00E83E17 /* CNCharacterInformationCollectionViewViewModel.swift */; };
		34F76B642A5534DB00E83E17 /* CNCharacterEpisodeCollectionViewViewModel.swift in Sources */ = {isa = PBXBuildFile; fileRef = 34F76B632A5534DB00E83E17 /* CNCharacterEpisodeCollectionViewViewModel.swift */; };
/* End PBXBuildFile section */

/* Begin PBXFileReference section */
		343D73D62A5D088A0082E9B8 /* CNSettingsViewViewModel.swift */ = {isa = PBXFileReference; lastKnownFileType = sourcecode.swift; path = CNSettingsViewViewModel.swift; sourceTree = "<group>"; };
		343D73D82A5D08D60082E9B8 /* CNSettingsCellViewViewModel.swift */ = {isa = PBXFileReference; lastKnownFileType = sourcecode.swift; path = CNSettingsCellViewViewModel.swift; sourceTree = "<group>"; };
		343D73DA2A5D09A50082E9B8 /* CNSettingsOption.swift */ = {isa = PBXFileReference; lastKnownFileType = sourcecode.swift; path = CNSettingsOption.swift; sourceTree = "<group>"; };
		343D73DD2A5D0EC10082E9B8 /* CNSettingsView.swift */ = {isa = PBXFileReference; lastKnownFileType = sourcecode.swift; path = CNSettingsView.swift; sourceTree = "<group>"; };
		343D73E02A5E7E420082E9B8 /* CNLocationView.swift */ = {isa = PBXFileReference; lastKnownFileType = sourcecode.swift; path = CNLocationView.swift; sourceTree = "<group>"; };
		343D73E32A5E82E10082E9B8 /* CNLocationViewModel.swift */ = {isa = PBXFileReference; lastKnownFileType = sourcecode.swift; path = CNLocationViewModel.swift; sourceTree = "<group>"; };
		3456A07D2A5FBA3100DF9B9C /* CNGetAllLocationsResponse.swift */ = {isa = PBXFileReference; lastKnownFileType = sourcecode.swift; path = CNGetAllLocationsResponse.swift; sourceTree = "<group>"; };
		3456A07F2A5FBC7700DF9B9C /* CNLocationTableViewCell.swift */ = {isa = PBXFileReference; lastKnownFileType = sourcecode.swift; path = CNLocationTableViewCell.swift; sourceTree = "<group>"; };
		3456A0812A5FBD4800DF9B9C /* CNLocationTableViewCellViewModel.swift */ = {isa = PBXFileReference; lastKnownFileType = sourcecode.swift; path = CNLocationTableViewCellViewModel.swift; sourceTree = "<group>"; };
		3457D6D32A36A3A80067D9CC /* CartoonApp.app */ = {isa = PBXFileReference; explicitFileType = wrapper.application; includeInIndex = 0; path = CartoonApp.app; sourceTree = BUILT_PRODUCTS_DIR; };
		3457D6D62A36A3A80067D9CC /* AppDelegate.swift */ = {isa = PBXFileReference; lastKnownFileType = sourcecode.swift; path = AppDelegate.swift; sourceTree = "<group>"; };
		3457D6D82A36A3A80067D9CC /* SceneDelegate.swift */ = {isa = PBXFileReference; lastKnownFileType = sourcecode.swift; path = SceneDelegate.swift; sourceTree = "<group>"; };
		3457D6DA2A36A3A80067D9CC /* CNTabBarViewController.swift */ = {isa = PBXFileReference; lastKnownFileType = sourcecode.swift; path = CNTabBarViewController.swift; sourceTree = "<group>"; };
		3457D6DF2A36A3A90067D9CC /* Assets.xcassets */ = {isa = PBXFileReference; lastKnownFileType = folder.assetcatalog; path = Assets.xcassets; sourceTree = "<group>"; };
		3457D6E22A36A3A90067D9CC /* Base */ = {isa = PBXFileReference; lastKnownFileType = file.storyboard; name = Base; path = Base.lproj/LaunchScreen.storyboard; sourceTree = "<group>"; };
		3457D6E42A36A3A90067D9CC /* Info.plist */ = {isa = PBXFileReference; lastKnownFileType = text.plist.xml; path = Info.plist; sourceTree = "<group>"; };
		3457D6F32A36BE8A0067D9CC /* CNLocation.swift */ = {isa = PBXFileReference; lastKnownFileType = sourcecode.swift; path = CNLocation.swift; sourceTree = "<group>"; };
		3457D6F52A36BEA10067D9CC /* CNCharacter.swift */ = {isa = PBXFileReference; lastKnownFileType = sourcecode.swift; path = CNCharacter.swift; sourceTree = "<group>"; };
		3457D6F72A36BEAC0067D9CC /* CNEpisode.swift */ = {isa = PBXFileReference; lastKnownFileType = sourcecode.swift; path = CNEpisode.swift; sourceTree = "<group>"; };
		3457D6FA2A36C2680067D9CC /* CNCharactersViewController.swift */ = {isa = PBXFileReference; lastKnownFileType = sourcecode.swift; path = CNCharactersViewController.swift; sourceTree = "<group>"; };
		3457D6FC2A36C27B0067D9CC /* CNLocationsViewController.swift */ = {isa = PBXFileReference; lastKnownFileType = sourcecode.swift; path = CNLocationsViewController.swift; sourceTree = "<group>"; };
		3457D6FE2A36C2850067D9CC /* CNEpisodesViewController.swift */ = {isa = PBXFileReference; lastKnownFileType = sourcecode.swift; path = CNEpisodesViewController.swift; sourceTree = "<group>"; };
		3457D7002A36C28F0067D9CC /* CNSettingsViewController.swift */ = {isa = PBXFileReference; lastKnownFileType = sourcecode.swift; path = CNSettingsViewController.swift; sourceTree = "<group>"; };
		345B64872A58F71400E14535 /* CNAPICacheManager.swift */ = {isa = PBXFileReference; lastKnownFileType = sourcecode.swift; path = CNAPICacheManager.swift; sourceTree = "<group>"; };
		345B64892A5906EE00E14535 /* CNEpisodeDetailViewViewModel.swift */ = {isa = PBXFileReference; lastKnownFileType = sourcecode.swift; path = CNEpisodeDetailViewViewModel.swift; sourceTree = "<group>"; };
		345B648B2A59078500E14535 /* CNEpisodeDetailView.swift */ = {isa = PBXFileReference; lastKnownFileType = sourcecode.swift; path = CNEpisodeDetailView.swift; sourceTree = "<group>"; };
		345B648F2A590DCE00E14535 /* CNEpisodeListView.swift */ = {isa = PBXFileReference; lastKnownFileType = sourcecode.swift; path = CNEpisodeListView.swift; sourceTree = "<group>"; };
		345B64912A59112600E14535 /* CNEpisodeListViewViewModel.swift */ = {isa = PBXFileReference; lastKnownFileType = sourcecode.swift; path = CNEpisodeListViewViewModel.swift; sourceTree = "<group>"; };
		345B64932A59146100E14535 /* CNGetAllEpisodesResponse.swift */ = {isa = PBXFileReference; lastKnownFileType = sourcecode.swift; path = CNGetAllEpisodesResponse.swift; sourceTree = "<group>"; };
		345B64972A5A684900E14535 /* CNSearchViewController.swift */ = {isa = PBXFileReference; lastKnownFileType = sourcecode.swift; path = CNSearchViewController.swift; sourceTree = "<group>"; };
		346256202A3FF39000EE09CB /* CNService.swift */ = {isa = PBXFileReference; lastKnownFileType = sourcecode.swift; path = CNService.swift; sourceTree = "<group>"; };
		346256222A3FF3A300EE09CB /* CNRequest.swift */ = {isa = PBXFileReference; lastKnownFileType = sourcecode.swift; path = CNRequest.swift; sourceTree = "<group>"; };
		346256242A3FF43600EE09CB /* CNEndpoint.swift */ = {isa = PBXFileReference; lastKnownFileType = sourcecode.swift; path = CNEndpoint.swift; sourceTree = "<group>"; };
		346256262A3FFAC600EE09CB /* CNOrigin.swift */ = {isa = PBXFileReference; lastKnownFileType = sourcecode.swift; path = CNOrigin.swift; sourceTree = "<group>"; };
		346256282A3FFB6000EE09CB /* CNSingleLocation.swift */ = {isa = PBXFileReference; lastKnownFileType = sourcecode.swift; path = CNSingleLocation.swift; sourceTree = "<group>"; };
		3462562A2A3FFCBB00EE09CB /* CNCharacterStatus.swift */ = {isa = PBXFileReference; lastKnownFileType = sourcecode.swift; path = CNCharacterStatus.swift; sourceTree = "<group>"; };
		3462562C2A3FFCD600EE09CB /* CNCharacterGender.swift */ = {isa = PBXFileReference; lastKnownFileType = sourcecode.swift; path = CNCharacterGender.swift; sourceTree = "<group>"; };
		34631E1B2A64F59E001161BD /* CNSearchOptionPickerViewController.swift */ = {isa = PBXFileReference; lastKnownFileType = sourcecode.swift; path = CNSearchOptionPickerViewController.swift; sourceTree = "<group>"; };
		346567B92A5BA1AF00B0AEB1 /* CNEpisodeInfoCollectionViewCell.swift */ = {isa = PBXFileReference; lastKnownFileType = sourcecode.swift; path = CNEpisodeInfoCollectionViewCell.swift; sourceTree = "<group>"; };
		346567BB2A5BA1CA00B0AEB1 /* CNEpisodeInfoCollectionViewCellViewModel.swift */ = {isa = PBXFileReference; lastKnownFileType = sourcecode.swift; path = CNEpisodeInfoCollectionViewCellViewModel.swift; sourceTree = "<group>"; };
		3477C8112A625A2A00E347A8 /* CNLocationDetailViewController.swift */ = {isa = PBXFileReference; lastKnownFileType = sourcecode.swift; path = CNLocationDetailViewController.swift; sourceTree = "<group>"; };
		3477C8152A625E6A00E347A8 /* CNLocationDetailView.swift */ = {isa = PBXFileReference; lastKnownFileType = sourcecode.swift; path = CNLocationDetailView.swift; sourceTree = "<group>"; };
		3477C8172A625F4200E347A8 /* CNLocationDetailViewModel.swift */ = {isa = PBXFileReference; lastKnownFileType = sourcecode.swift; path = CNLocationDetailViewModel.swift; sourceTree = "<group>"; };
		3477C81A2A626A3500E347A8 /* CNSearchView.swift */ = {isa = PBXFileReference; lastKnownFileType = sourcecode.swift; path = CNSearchView.swift; sourceTree = "<group>"; };
		3477C81D2A626B0300E347A8 /* CNSearchViewViewModel.swift */ = {isa = PBXFileReference; lastKnownFileType = sourcecode.swift; path = CNSearchViewViewModel.swift; sourceTree = "<group>"; };
		3477C81F2A626DF000E347A8 /* CNNoSearchResultsView.swift */ = {isa = PBXFileReference; lastKnownFileType = sourcecode.swift; path = CNNoSearchResultsView.swift; sourceTree = "<group>"; };
		3477C8212A626E0A00E347A8 /* CNNoSearchResultsViewModel.swift */ = {isa = PBXFileReference; lastKnownFileType = sourcecode.swift; path = CNNoSearchResultsViewModel.swift; sourceTree = "<group>"; };
		3477C8232A626E4C00E347A8 /* CNSearchInputVIew.swift */ = {isa = PBXFileReference; lastKnownFileType = sourcecode.swift; path = CNSearchInputVIew.swift; sourceTree = "<group>"; };
		3477C8252A626E5900E347A8 /* CNSearchInputVIewViewModel.swift */ = {isa = PBXFileReference; lastKnownFileType = sourcecode.swift; path = CNSearchInputVIewViewModel.swift; sourceTree = "<group>"; };
		348ADAD82A512D28008D65CD /* CNCharacterDetailViewController.swift */ = {isa = PBXFileReference; lastKnownFileType = sourcecode.swift; path = CNCharacterDetailViewController.swift; sourceTree = "<group>"; };
		348ADADA2A512EA8008D65CD /* CNCharacterDetailView.swift */ = {isa = PBXFileReference; lastKnownFileType = sourcecode.swift; path = CNCharacterDetailView.swift; sourceTree = "<group>"; };
		348ADADC2A512EC3008D65CD /* CNCharacterDetailViewViewModel.swift */ = {isa = PBXFileReference; lastKnownFileType = sourcecode.swift; path = CNCharacterDetailViewViewModel.swift; sourceTree = "<group>"; };
		348ADADE2A5233A8008D65CD /* CNFooterLoadingCollectionReusableView.swift */ = {isa = PBXFileReference; lastKnownFileType = sourcecode.swift; path = CNFooterLoadingCollectionReusableView.swift; sourceTree = "<group>"; };
		34A99DED2A494EAD002B4916 /* Extensions.swift */ = {isa = PBXFileReference; lastKnownFileType = sourcecode.swift; path = Extensions.swift; sourceTree = "<group>"; };
		34A99DEF2A4AA35F002B4916 /* CNCharacterCollectionViewCell.swift */ = {isa = PBXFileReference; lastKnownFileType = sourcecode.swift; path = CNCharacterCollectionViewCell.swift; sourceTree = "<group>"; };
		34A99DF12A4BE593002B4916 /* CNCharacterCollectionViewCellViewModel.swift */ = {isa = PBXFileReference; lastKnownFileType = sourcecode.swift; path = CNCharacterCollectionViewCellViewModel.swift; sourceTree = "<group>"; };
		34B0E5322A44045700CBAEB4 /* CNGetAllCharactersResponse.swift */ = {isa = PBXFileReference; lastKnownFileType = sourcecode.swift; path = CNGetAllCharactersResponse.swift; sourceTree = "<group>"; };
		34B0E5342A49187300CBAEB4 /* CNCharacterListViewViewModel.swift */ = {isa = PBXFileReference; lastKnownFileType = sourcecode.swift; path = CNCharacterListViewViewModel.swift; sourceTree = "<group>"; };
		34B0E5362A49190B00CBAEB4 /* CNCharacterListView.swift */ = {isa = PBXFileReference; lastKnownFileType = sourcecode.swift; path = CNCharacterListView.swift; sourceTree = "<group>"; };
		34CAA72B2A92BA1200CBE8A7 /* CNTableLoadingFooterView.swift */ = {isa = PBXFileReference; lastKnownFileType = sourcecode.swift; path = CNTableLoadingFooterView.swift; sourceTree = "<group>"; };
		34DD81CE2A57D6C900985887 /* CNEpisodeDetailViewController.swift */ = {isa = PBXFileReference; lastKnownFileType = sourcecode.swift; path = CNEpisodeDetailViewController.swift; sourceTree = "<group>"; };
		34DF69292A6CC01800833205 /* CNSearchResultType.swift */ = {isa = PBXFileReference; lastKnownFileType = sourcecode.swift; path = CNSearchResultType.swift; sourceTree = "<group>"; };
		34DF692B2A6CE61000833205 /* CNSearchResultView.swift */ = {isa = PBXFileReference; lastKnownFileType = sourcecode.swift; path = CNSearchResultView.swift; sourceTree = "<group>"; };
		34F76B542A5395FD00E83E17 /* CNImageLoader.swift */ = {isa = PBXFileReference; lastKnownFileType = sourcecode.swift; path = CNImageLoader.swift; sourceTree = "<group>"; };
		34F76B582A55342400E83E17 /* CNCharacterPhotoCollectionViewCell.swift */ = {isa = PBXFileReference; lastKnownFileType = sourcecode.swift; path = CNCharacterPhotoCollectionViewCell.swift; sourceTree = "<group>"; };
		34F76B5A2A55344900E83E17 /* CNCharacterInformationCollectionViewCell.swift */ = {isa = PBXFileReference; lastKnownFileType = sourcecode.swift; path = CNCharacterInformationCollectionViewCell.swift; sourceTree = "<group>"; };
		34F76B5C2A55345A00E83E17 /* CNCharacterEpisodeCollectionViewCell.swift */ = {isa = PBXFileReference; lastKnownFileType = sourcecode.swift; path = CNCharacterEpisodeCollectionViewCell.swift; sourceTree = "<group>"; };
		34F76B5F2A5534B900E83E17 /* CNCharacterPhotoCollectionViewViewModel.swift */ = {isa = PBXFileReference; lastKnownFileType = sourcecode.swift; path = CNCharacterPhotoCollectionViewViewModel.swift; sourceTree = "<group>"; };
		34F76B612A5534CD00E83E17 /* CNCharacterInformationCollectionViewViewModel.swift */ = {isa = PBXFileReference; lastKnownFileType = sourcecode.swift; path = CNCharacterInformationCollectionViewViewModel.swift; sourceTree = "<group>"; };
		34F76B632A5534DB00E83E17 /* CNCharacterEpisodeCollectionViewViewModel.swift */ = {isa = PBXFileReference; lastKnownFileType = sourcecode.swift; path = CNCharacterEpisodeCollectionViewViewModel.swift; sourceTree = "<group>"; };
/* End PBXFileReference section */

/* Begin PBXFrameworksBuildPhase section */
		3457D6D02A36A3A80067D9CC /* Frameworks */ = {
			isa = PBXFrameworksBuildPhase;
			buildActionMask = 2147483647;
			files = (
			);
			runOnlyForDeploymentPostprocessing = 0;
		};
/* End PBXFrameworksBuildPhase section */

/* Begin PBXGroup section */
		343D73D52A5D08620082E9B8 /* Settings */ = {
			isa = PBXGroup;
			children = (
				343D73DA2A5D09A50082E9B8 /* CNSettingsOption.swift */,
				343D73D62A5D088A0082E9B8 /* CNSettingsViewViewModel.swift */,
				343D73D82A5D08D60082E9B8 /* CNSettingsCellViewViewModel.swift */,
			);
			path = Settings;
			sourceTree = "<group>";
		};
		343D73DC2A5D0E9C0082E9B8 /* SwiftUI */ = {
			isa = PBXGroup;
			children = (
				343D73DD2A5D0EC10082E9B8 /* CNSettingsView.swift */,
			);
			path = SwiftUI;
			sourceTree = "<group>";
		};
		343D73DF2A5E7E1D0082E9B8 /* Location */ = {
			isa = PBXGroup;
			children = (
				343D73E02A5E7E420082E9B8 /* CNLocationView.swift */,
				34CAA72B2A92BA1200CBE8A7 /* CNTableLoadingFooterView.swift */,
				3456A07F2A5FBC7700DF9B9C /* CNLocationTableViewCell.swift */,
			);
			path = Location;
			sourceTree = "<group>";
		};
		343D73E22A5E82D60082E9B8 /* Locations */ = {
			isa = PBXGroup;
			children = (
				343D73E32A5E82E10082E9B8 /* CNLocationViewModel.swift */,
				3456A0812A5FBD4800DF9B9C /* CNLocationTableViewCellViewModel.swift */,
			);
			path = Locations;
			sourceTree = "<group>";
		};
		3457D6CA2A36A3A80067D9CC = {
			isa = PBXGroup;
			children = (
				3457D6D52A36A3A80067D9CC /* CartoonApp */,
				3457D6D42A36A3A80067D9CC /* Products */,
			);
			sourceTree = "<group>";
		};
		3457D6D42A36A3A80067D9CC /* Products */ = {
			isa = PBXGroup;
			children = (
				3457D6D32A36A3A80067D9CC /* CartoonApp.app */,
			);
			name = Products;
			sourceTree = "<group>";
		};
		3457D6D52A36A3A80067D9CC /* CartoonApp */ = {
			isa = PBXGroup;
			children = (
				3457D6F02A36B7C50067D9CC /* Resources */,
				3457D6EF2A36B7AE0067D9CC /* APIClient */,
				3457D6EE2A36B7A50067D9CC /* Managers */,
				3457D6ED2A36B73A0067D9CC /* ViewModels */,
				3457D6EC2A36B7310067D9CC /* Views */,
				3457D6EB2A36B69A0067D9CC /* Models */,
				3457D6EA2A36B6910067D9CC /* Controllers */,
				3457D6E42A36A3A90067D9CC /* Info.plist */,
			);
			path = CartoonApp;
			sourceTree = "<group>";
		};
		3457D6EA2A36B6910067D9CC /* Controllers */ = {
			isa = PBXGroup;
			children = (
				345B64962A5A682E00E14535 /* Search */,
				3457D6F92A36C2210067D9CC /* Core */,
				348ADAD52A512C91008D65CD /* DetailControllers */,
			);
			path = Controllers;
			sourceTree = "<group>";
		};
		3457D6EB2A36B69A0067D9CC /* Models */ = {
			isa = PBXGroup;
			children = (
				34B0E5312A44043700CBAEB4 /* ResponseTypes */,
				34B0E5302A44041000CBAEB4 /* DataTypes */,
			);
			path = Models;
			sourceTree = "<group>";
		};
		3457D6EC2A36B7310067D9CC /* Views */ = {
			isa = PBXGroup;
			children = (
				3477C8192A626A2100E347A8 /* Search */,
				3477C8142A625E5700E347A8 /* LocationDetail */,
				343D73DF2A5E7E1D0082E9B8 /* Location */,
				343D73DC2A5D0E9C0082E9B8 /* SwiftUI */,
				346567BD2A5BAA7C00B0AEB1 /* Footer */,
				34F76B572A5533EA00E83E17 /* Character */,
				34F76B562A5533C100E83E17 /* CharacterDetail */,
				345B64952A5A604100E14535 /* EpisodeDetail */,
				345B648E2A590DB200E14535 /* Episode */,
			);
			path = Views;
			sourceTree = "<group>";
		};
		3457D6ED2A36B73A0067D9CC /* ViewModels */ = {
			isa = PBXGroup;
			children = (
				3477C81C2A626AF800E347A8 /* Search */,
				3477C8132A625E2100E347A8 /* LocationDetail */,
				343D73E22A5E82D60082E9B8 /* Locations */,
				343D73D52A5D08620082E9B8 /* Settings */,
				345B648D2A59080000E14535 /* EpisodeDetail */,
				34F76B5E2A55347C00E83E17 /* CharacterDetail */,
				34A99DF12A4BE593002B4916 /* CNCharacterCollectionViewCellViewModel.swift */,
				34B0E5342A49187300CBAEB4 /* CNCharacterListViewViewModel.swift */,
				345B64912A59112600E14535 /* CNEpisodeListViewViewModel.swift */,
			);
			path = ViewModels;
			sourceTree = "<group>";
		};
		3457D6EE2A36B7A50067D9CC /* Managers */ = {
			isa = PBXGroup;
			children = (
				34F76B542A5395FD00E83E17 /* CNImageLoader.swift */,
				345B64872A58F71400E14535 /* CNAPICacheManager.swift */,
			);
			path = Managers;
			sourceTree = "<group>";
		};
		3457D6EF2A36B7AE0067D9CC /* APIClient */ = {
			isa = PBXGroup;
			children = (
				346256202A3FF39000EE09CB /* CNService.swift */,
				346256222A3FF3A300EE09CB /* CNRequest.swift */,
				346256242A3FF43600EE09CB /* CNEndpoint.swift */,
			);
			path = APIClient;
			sourceTree = "<group>";
		};
		3457D6F02A36B7C50067D9CC /* Resources */ = {
			isa = PBXGroup;
			children = (
				3457D6D82A36A3A80067D9CC /* SceneDelegate.swift */,
				3457D6D62A36A3A80067D9CC /* AppDelegate.swift */,
				3457D6DF2A36A3A90067D9CC /* Assets.xcassets */,
				3457D6E12A36A3A90067D9CC /* LaunchScreen.storyboard */,
				34A99DED2A494EAD002B4916 /* Extensions.swift */,
			);
			path = Resources;
			sourceTree = "<group>";
		};
		3457D6F92A36C2210067D9CC /* Core */ = {
			isa = PBXGroup;
			children = (
				3457D6DA2A36A3A80067D9CC /* CNTabBarViewController.swift */,
				3457D6FA2A36C2680067D9CC /* CNCharactersViewController.swift */,
				3457D6FC2A36C27B0067D9CC /* CNLocationsViewController.swift */,
				3457D6FE2A36C2850067D9CC /* CNEpisodesViewController.swift */,
				3457D7002A36C28F0067D9CC /* CNSettingsViewController.swift */,
			);
			path = Core;
			sourceTree = "<group>";
		};
		345B648D2A59080000E14535 /* EpisodeDetail */ = {
			isa = PBXGroup;
			children = (
				345B64892A5906EE00E14535 /* CNEpisodeDetailViewViewModel.swift */,
				346567BB2A5BA1CA00B0AEB1 /* CNEpisodeInfoCollectionViewCellViewModel.swift */,
			);
			path = EpisodeDetail;
			sourceTree = "<group>";
		};
		345B648E2A590DB200E14535 /* Episode */ = {
			isa = PBXGroup;
			children = (
				345B648F2A590DCE00E14535 /* CNEpisodeListView.swift */,
			);
			path = Episode;
			sourceTree = "<group>";
		};
		345B64952A5A604100E14535 /* EpisodeDetail */ = {
			isa = PBXGroup;
			children = (
				345B648B2A59078500E14535 /* CNEpisodeDetailView.swift */,
				346567B92A5BA1AF00B0AEB1 /* CNEpisodeInfoCollectionViewCell.swift */,
			);
			path = EpisodeDetail;
			sourceTree = "<group>";
		};
		345B64962A5A682E00E14535 /* Search */ = {
			isa = PBXGroup;
			children = (
				345B64972A5A684900E14535 /* CNSearchViewController.swift */,
				34631E1B2A64F59E001161BD /* CNSearchOptionPickerViewController.swift */,
			);
			path = Search;
			sourceTree = "<group>";
		};
		346567BD2A5BAA7C00B0AEB1 /* Footer */ = {
			isa = PBXGroup;
			children = (
				348ADADE2A5233A8008D65CD /* CNFooterLoadingCollectionReusableView.swift */,
			);
			path = Footer;
			sourceTree = "<group>";
		};
		3477C8132A625E2100E347A8 /* LocationDetail */ = {
			isa = PBXGroup;
			children = (
				3477C8172A625F4200E347A8 /* CNLocationDetailViewModel.swift */,
			);
			path = LocationDetail;
			sourceTree = "<group>";
		};
		3477C8142A625E5700E347A8 /* LocationDetail */ = {
			isa = PBXGroup;
			children = (
				3477C8152A625E6A00E347A8 /* CNLocationDetailView.swift */,
			);
			path = LocationDetail;
			sourceTree = "<group>";
		};
		3477C8192A626A2100E347A8 /* Search */ = {
			isa = PBXGroup;
			children = (
				3477C81A2A626A3500E347A8 /* CNSearchView.swift */,
				3477C81F2A626DF000E347A8 /* CNNoSearchResultsView.swift */,
				3477C8232A626E4C00E347A8 /* CNSearchInputVIew.swift */,
				34DF692B2A6CE61000833205 /* CNSearchResultView.swift */,
			);
			path = Search;
			sourceTree = "<group>";
		};
		3477C81C2A626AF800E347A8 /* Search */ = {
			isa = PBXGroup;
			children = (
				3477C81D2A626B0300E347A8 /* CNSearchViewViewModel.swift */,
				3477C8252A626E5900E347A8 /* CNSearchInputVIewViewModel.swift */,
				3477C8212A626E0A00E347A8 /* CNNoSearchResultsViewModel.swift */,
				34DF69292A6CC01800833205 /* CNSearchResultType.swift */,
			);
			path = Search;
			sourceTree = "<group>";
		};
		348ADAD52A512C91008D65CD /* DetailControllers */ = {
			isa = PBXGroup;
			children = (
				348ADAD82A512D28008D65CD /* CNCharacterDetailViewController.swift */,
				3477C8112A625A2A00E347A8 /* CNLocationDetailViewController.swift */,
				34DD81CE2A57D6C900985887 /* CNEpisodeDetailViewController.swift */,
			);
			path = DetailControllers;
			sourceTree = "<group>";
		};
		34B0E5302A44041000CBAEB4 /* DataTypes */ = {
			isa = PBXGroup;
			children = (
				3457D6F32A36BE8A0067D9CC /* CNLocation.swift */,
				346256262A3FFAC600EE09CB /* CNOrigin.swift */,
				3457D6F72A36BEAC0067D9CC /* CNEpisode.swift */,
				3457D6F52A36BEA10067D9CC /* CNCharacter.swift */,
				3462562A2A3FFCBB00EE09CB /* CNCharacterStatus.swift */,
				3462562C2A3FFCD600EE09CB /* CNCharacterGender.swift */,
				346256282A3FFB6000EE09CB /* CNSingleLocation.swift */,
			);
			path = DataTypes;
			sourceTree = "<group>";
		};
		34B0E5312A44043700CBAEB4 /* ResponseTypes */ = {
			isa = PBXGroup;
			children = (
				34B0E5322A44045700CBAEB4 /* CNGetAllCharactersResponse.swift */,
				345B64932A59146100E14535 /* CNGetAllEpisodesResponse.swift */,
				3456A07D2A5FBA3100DF9B9C /* CNGetAllLocationsResponse.swift */,
			);
			path = ResponseTypes;
			sourceTree = "<group>";
		};
		34F76B562A5533C100E83E17 /* CharacterDetail */ = {
			isa = PBXGroup;
			children = (
				348ADADA2A512EA8008D65CD /* CNCharacterDetailView.swift */,
				34F76B582A55342400E83E17 /* CNCharacterPhotoCollectionViewCell.swift */,
				34F76B5A2A55344900E83E17 /* CNCharacterInformationCollectionViewCell.swift */,
				34F76B5C2A55345A00E83E17 /* CNCharacterEpisodeCollectionViewCell.swift */,
			);
			path = CharacterDetail;
			sourceTree = "<group>";
		};
		34F76B572A5533EA00E83E17 /* Character */ = {
			isa = PBXGroup;
			children = (
				34B0E5362A49190B00CBAEB4 /* CNCharacterListView.swift */,
				34A99DEF2A4AA35F002B4916 /* CNCharacterCollectionViewCell.swift */,
			);
			path = Character;
			sourceTree = "<group>";
		};
		34F76B5E2A55347C00E83E17 /* CharacterDetail */ = {
			isa = PBXGroup;
			children = (
				348ADADC2A512EC3008D65CD /* CNCharacterDetailViewViewModel.swift */,
				34F76B5F2A5534B900E83E17 /* CNCharacterPhotoCollectionViewViewModel.swift */,
				34F76B612A5534CD00E83E17 /* CNCharacterInformationCollectionViewViewModel.swift */,
				34F76B632A5534DB00E83E17 /* CNCharacterEpisodeCollectionViewViewModel.swift */,
			);
			path = CharacterDetail;
			sourceTree = "<group>";
		};
/* End PBXGroup section */

/* Begin PBXNativeTarget section */
		3457D6D22A36A3A80067D9CC /* CartoonApp */ = {
			isa = PBXNativeTarget;
			buildConfigurationList = 3457D6E72A36A3A90067D9CC /* Build configuration list for PBXNativeTarget "CartoonApp" */;
			buildPhases = (
				3457D6CF2A36A3A80067D9CC /* Sources */,
				3457D6D02A36A3A80067D9CC /* Frameworks */,
				3457D6D12A36A3A80067D9CC /* Resources */,
			);
			buildRules = (
			);
			dependencies = (
			);
			name = CartoonApp;
			productName = CartoonApp;
			productReference = 3457D6D32A36A3A80067D9CC /* CartoonApp.app */;
			productType = "com.apple.product-type.application";
		};
/* End PBXNativeTarget section */

/* Begin PBXProject section */
		3457D6CB2A36A3A80067D9CC /* Project object */ = {
			isa = PBXProject;
			attributes = {
				BuildIndependentTargetsInParallel = 1;
				LastSwiftUpdateCheck = 1410;
				LastUpgradeCheck = 1410;
				TargetAttributes = {
					3457D6D22A36A3A80067D9CC = {
						CreatedOnToolsVersion = 14.1;
					};
				};
			};
			buildConfigurationList = 3457D6CE2A36A3A80067D9CC /* Build configuration list for PBXProject "CartoonApp" */;
			compatibilityVersion = "Xcode 14.0";
			developmentRegion = en;
			hasScannedForEncodings = 0;
			knownRegions = (
				en,
				Base,
			);
			mainGroup = 3457D6CA2A36A3A80067D9CC;
			productRefGroup = 3457D6D42A36A3A80067D9CC /* Products */;
			projectDirPath = "";
			projectRoot = "";
			targets = (
				3457D6D22A36A3A80067D9CC /* CartoonApp */,
			);
		};
/* End PBXProject section */

/* Begin PBXResourcesBuildPhase section */
		3457D6D12A36A3A80067D9CC /* Resources */ = {
			isa = PBXResourcesBuildPhase;
			buildActionMask = 2147483647;
			files = (
				3457D6E32A36A3A90067D9CC /* LaunchScreen.storyboard in Resources */,
				3457D6E02A36A3A90067D9CC /* Assets.xcassets in Resources */,
			);
			runOnlyForDeploymentPostprocessing = 0;
		};
/* End PBXResourcesBuildPhase section */

/* Begin PBXSourcesBuildPhase section */
		3457D6CF2A36A3A80067D9CC /* Sources */ = {
			isa = PBXSourcesBuildPhase;
			buildActionMask = 2147483647;
			files = (
				345B64902A590DCE00E14535 /* CNEpisodeListView.swift in Sources */,
				3477C8122A625A2A00E347A8 /* CNLocationDetailViewController.swift in Sources */,
				34B0E5332A44045700CBAEB4 /* CNGetAllCharactersResponse.swift in Sources */,
				343D73DB2A5D09A50082E9B8 /* CNSettingsOption.swift in Sources */,
				34A99DF02A4AA35F002B4916 /* CNCharacterCollectionViewCell.swift in Sources */,
				348ADADB2A512EA8008D65CD /* CNCharacterDetailView.swift in Sources */,
				34F76B602A5534B900E83E17 /* CNCharacterPhotoCollectionViewViewModel.swift in Sources */,
				3477C81B2A626A3500E347A8 /* CNSearchView.swift in Sources */,
				343D73D72A5D088A0082E9B8 /* CNSettingsViewViewModel.swift in Sources */,
				345B64882A58F71400E14535 /* CNAPICacheManager.swift in Sources */,
				34B0E5352A49187300CBAEB4 /* CNCharacterListViewViewModel.swift in Sources */,
				3477C8182A625F4200E347A8 /* CNLocationDetailViewModel.swift in Sources */,
				346256232A3FF3A300EE09CB /* CNRequest.swift in Sources */,
				348ADADD2A512EC3008D65CD /* CNCharacterDetailViewViewModel.swift in Sources */,
				34F76B5B2A55344900E83E17 /* CNCharacterInformationCollectionViewCell.swift in Sources */,
				343D73D92A5D08D60082E9B8 /* CNSettingsCellViewViewModel.swift in Sources */,
				3477C8222A626E0A00E347A8 /* CNNoSearchResultsViewModel.swift in Sources */,
				34F76B592A55342400E83E17 /* CNCharacterPhotoCollectionViewCell.swift in Sources */,
				345B64982A5A684900E14535 /* CNSearchViewController.swift in Sources */,
				3457D6DB2A36A3A80067D9CC /* CNTabBarViewController.swift in Sources */,
				3457D6F42A36BE8A0067D9CC /* CNLocation.swift in Sources */,
				34DF692C2A6CE61000833205 /* CNSearchResultView.swift in Sources */,
				3456A0822A5FBD4800DF9B9C /* CNLocationTableViewCellViewModel.swift in Sources */,
				346256252A3FF43700EE09CB /* CNEndpoint.swift in Sources */,
				345B64942A59146100E14535 /* CNGetAllEpisodesResponse.swift in Sources */,
				3462562B2A3FFCBB00EE09CB /* CNCharacterStatus.swift in Sources */,
				3457D7012A36C28F0067D9CC /* CNSettingsViewController.swift in Sources */,
				3456A0802A5FBC7700DF9B9C /* CNLocationTableViewCell.swift in Sources */,
				346567BC2A5BA1CA00B0AEB1 /* CNEpisodeInfoCollectionViewCellViewModel.swift in Sources */,
				345B64922A59112600E14535 /* CNEpisodeListViewViewModel.swift in Sources */,
				3477C8242A626E4C00E347A8 /* CNSearchInputVIew.swift in Sources */,
				3457D6FD2A36C27B0067D9CC /* CNLocationsViewController.swift in Sources */,
				3456A07E2A5FBA3100DF9B9C /* CNGetAllLocationsResponse.swift in Sources */,
				3477C8262A626E5900E347A8 /* CNSearchInputVIewViewModel.swift in Sources */,
				34B0E5372A49190B00CBAEB4 /* CNCharacterListView.swift in Sources */,
				3457D6FF2A36C2850067D9CC /* CNEpisodesViewController.swift in Sources */,
				3462562D2A3FFCD600EE09CB /* CNCharacterGender.swift in Sources */,
				3457D6FB2A36C2680067D9CC /* CNCharactersViewController.swift in Sources */,
				343D73E12A5E7E420082E9B8 /* CNLocationView.swift in Sources */,
				343D73E42A5E82E10082E9B8 /* CNLocationViewModel.swift in Sources */,
				34F76B5D2A55345A00E83E17 /* CNCharacterEpisodeCollectionViewCell.swift in Sources */,
				34A99DEE2A494EAD002B4916 /* Extensions.swift in Sources */,
				345B648A2A5906EE00E14535 /* CNEpisodeDetailViewViewModel.swift in Sources */,
				34F76B552A5395FD00E83E17 /* CNImageLoader.swift in Sources */,
				34DD81CF2A57D6C900985887 /* CNEpisodeDetailViewController.swift in Sources */,
				3457D6F82A36BEAC0067D9CC /* CNEpisode.swift in Sources */,
				3477C81E2A626B0300E347A8 /* CNSearchViewViewModel.swift in Sources */,
				348ADAD92A512D28008D65CD /* CNCharacterDetailViewController.swift in Sources */,
				346256292A3FFB6000EE09CB /* CNSingleLocation.swift in Sources */,
				346256212A3FF39000EE09CB /* CNService.swift in Sources */,
				34DF692A2A6CC01800833205 /* CNSearchResultType.swift in Sources */,
				346567BA2A5BA1AF00B0AEB1 /* CNEpisodeInfoCollectionViewCell.swift in Sources */,
				34F76B642A5534DB00E83E17 /* CNCharacterEpisodeCollectionViewViewModel.swift in Sources */,
				345B648C2A59078500E14535 /* CNEpisodeDetailView.swift in Sources */,
				34631E1C2A64F59E001161BD /* CNSearchOptionPickerViewController.swift in Sources */,
				3477C8162A625E6A00E347A8 /* CNLocationDetailView.swift in Sources */,
				34CAA72C2A92BA1200CBE8A7 /* CNTableLoadingFooterView.swift in Sources */,
				3457D6D72A36A3A80067D9CC /* AppDelegate.swift in Sources */,
				3457D6F62A36BEA10067D9CC /* CNCharacter.swift in Sources */,
				34F76B622A5534CD00E83E17 /* CNCharacterInformationCollectionViewViewModel.swift in Sources */,
				346256272A3FFAC600EE09CB /* CNOrigin.swift in Sources */,
				343D73DE2A5D0EC10082E9B8 /* CNSettingsView.swift in Sources */,
				34A99DF22A4BE593002B4916 /* CNCharacterCollectionViewCellViewModel.swift in Sources */,
				348ADADF2A5233A8008D65CD /* CNFooterLoadingCollectionReusableView.swift in Sources */,
				3477C8202A626DF000E347A8 /* CNNoSearchResultsView.swift in Sources */,
				3457D6D92A36A3A80067D9CC /* SceneDelegate.swift in Sources */,
			);
			runOnlyForDeploymentPostprocessing = 0;
		};
/* End PBXSourcesBuildPhase section */

/* Begin PBXVariantGroup section */
		3457D6E12A36A3A90067D9CC /* LaunchScreen.storyboard */ = {
			isa = PBXVariantGroup;
			children = (
				3457D6E22A36A3A90067D9CC /* Base */,
			);
			name = LaunchScreen.storyboard;
			sourceTree = "<group>";
		};
/* End PBXVariantGroup section */

/* Begin XCBuildConfiguration section */
		3457D6E52A36A3A90067D9CC /* Debug */ = {
			isa = XCBuildConfiguration;
			buildSettings = {
				ALWAYS_SEARCH_USER_PATHS = NO;
				CLANG_ANALYZER_NONNULL = YES;
				CLANG_ANALYZER_NUMBER_OBJECT_CONVERSION = YES_AGGRESSIVE;
				CLANG_CXX_LANGUAGE_STANDARD = "gnu++20";
				CLANG_ENABLE_MODULES = YES;
				CLANG_ENABLE_OBJC_ARC = YES;
				CLANG_ENABLE_OBJC_WEAK = YES;
				CLANG_WARN_BLOCK_CAPTURE_AUTORELEASING = YES;
				CLANG_WARN_BOOL_CONVERSION = YES;
				CLANG_WARN_COMMA = YES;
				CLANG_WARN_CONSTANT_CONVERSION = YES;
				CLANG_WARN_DEPRECATED_OBJC_IMPLEMENTATIONS = YES;
				CLANG_WARN_DIRECT_OBJC_ISA_USAGE = YES_ERROR;
				CLANG_WARN_DOCUMENTATION_COMMENTS = YES;
				CLANG_WARN_EMPTY_BODY = YES;
				CLANG_WARN_ENUM_CONVERSION = YES;
				CLANG_WARN_INFINITE_RECURSION = YES;
				CLANG_WARN_INT_CONVERSION = YES;
				CLANG_WARN_NON_LITERAL_NULL_CONVERSION = YES;
				CLANG_WARN_OBJC_IMPLICIT_RETAIN_SELF = YES;
				CLANG_WARN_OBJC_LITERAL_CONVERSION = YES;
				CLANG_WARN_OBJC_ROOT_CLASS = YES_ERROR;
				CLANG_WARN_QUOTED_INCLUDE_IN_FRAMEWORK_HEADER = YES;
				CLANG_WARN_RANGE_LOOP_ANALYSIS = YES;
				CLANG_WARN_STRICT_PROTOTYPES = YES;
				CLANG_WARN_SUSPICIOUS_MOVE = YES;
				CLANG_WARN_UNGUARDED_AVAILABILITY = YES_AGGRESSIVE;
				CLANG_WARN_UNREACHABLE_CODE = YES;
				CLANG_WARN__DUPLICATE_METHOD_MATCH = YES;
				COPY_PHASE_STRIP = NO;
				DEBUG_INFORMATION_FORMAT = dwarf;
				ENABLE_STRICT_OBJC_MSGSEND = YES;
				ENABLE_TESTABILITY = YES;
				GCC_C_LANGUAGE_STANDARD = gnu11;
				GCC_DYNAMIC_NO_PIC = NO;
				GCC_NO_COMMON_BLOCKS = YES;
				GCC_OPTIMIZATION_LEVEL = 0;
				GCC_PREPROCESSOR_DEFINITIONS = (
					"DEBUG=1",
					"$(inherited)",
				);
				GCC_WARN_64_TO_32_BIT_CONVERSION = YES;
				GCC_WARN_ABOUT_RETURN_TYPE = YES_ERROR;
				GCC_WARN_UNDECLARED_SELECTOR = YES;
				GCC_WARN_UNINITIALIZED_AUTOS = YES_AGGRESSIVE;
				GCC_WARN_UNUSED_FUNCTION = YES;
				GCC_WARN_UNUSED_VARIABLE = YES;
				IPHONEOS_DEPLOYMENT_TARGET = 16.1;
				MTL_ENABLE_DEBUG_INFO = INCLUDE_SOURCE;
				MTL_FAST_MATH = YES;
				ONLY_ACTIVE_ARCH = YES;
				SDKROOT = iphoneos;
				SWIFT_ACTIVE_COMPILATION_CONDITIONS = DEBUG;
				SWIFT_OPTIMIZATION_LEVEL = "-Onone";
			};
			name = Debug;
		};
		3457D6E62A36A3A90067D9CC /* Release */ = {
			isa = XCBuildConfiguration;
			buildSettings = {
				ALWAYS_SEARCH_USER_PATHS = NO;
				CLANG_ANALYZER_NONNULL = YES;
				CLANG_ANALYZER_NUMBER_OBJECT_CONVERSION = YES_AGGRESSIVE;
				CLANG_CXX_LANGUAGE_STANDARD = "gnu++20";
				CLANG_ENABLE_MODULES = YES;
				CLANG_ENABLE_OBJC_ARC = YES;
				CLANG_ENABLE_OBJC_WEAK = YES;
				CLANG_WARN_BLOCK_CAPTURE_AUTORELEASING = YES;
				CLANG_WARN_BOOL_CONVERSION = YES;
				CLANG_WARN_COMMA = YES;
				CLANG_WARN_CONSTANT_CONVERSION = YES;
				CLANG_WARN_DEPRECATED_OBJC_IMPLEMENTATIONS = YES;
				CLANG_WARN_DIRECT_OBJC_ISA_USAGE = YES_ERROR;
				CLANG_WARN_DOCUMENTATION_COMMENTS = YES;
				CLANG_WARN_EMPTY_BODY = YES;
				CLANG_WARN_ENUM_CONVERSION = YES;
				CLANG_WARN_INFINITE_RECURSION = YES;
				CLANG_WARN_INT_CONVERSION = YES;
				CLANG_WARN_NON_LITERAL_NULL_CONVERSION = YES;
				CLANG_WARN_OBJC_IMPLICIT_RETAIN_SELF = YES;
				CLANG_WARN_OBJC_LITERAL_CONVERSION = YES;
				CLANG_WARN_OBJC_ROOT_CLASS = YES_ERROR;
				CLANG_WARN_QUOTED_INCLUDE_IN_FRAMEWORK_HEADER = YES;
				CLANG_WARN_RANGE_LOOP_ANALYSIS = YES;
				CLANG_WARN_STRICT_PROTOTYPES = YES;
				CLANG_WARN_SUSPICIOUS_MOVE = YES;
				CLANG_WARN_UNGUARDED_AVAILABILITY = YES_AGGRESSIVE;
				CLANG_WARN_UNREACHABLE_CODE = YES;
				CLANG_WARN__DUPLICATE_METHOD_MATCH = YES;
				COPY_PHASE_STRIP = NO;
				DEBUG_INFORMATION_FORMAT = "dwarf-with-dsym";
				ENABLE_NS_ASSERTIONS = NO;
				ENABLE_STRICT_OBJC_MSGSEND = YES;
				GCC_C_LANGUAGE_STANDARD = gnu11;
				GCC_NO_COMMON_BLOCKS = YES;
				GCC_WARN_64_TO_32_BIT_CONVERSION = YES;
				GCC_WARN_ABOUT_RETURN_TYPE = YES_ERROR;
				GCC_WARN_UNDECLARED_SELECTOR = YES;
				GCC_WARN_UNINITIALIZED_AUTOS = YES_AGGRESSIVE;
				GCC_WARN_UNUSED_FUNCTION = YES;
				GCC_WARN_UNUSED_VARIABLE = YES;
				IPHONEOS_DEPLOYMENT_TARGET = 16.1;
				MTL_ENABLE_DEBUG_INFO = NO;
				MTL_FAST_MATH = YES;
				SDKROOT = iphoneos;
				SWIFT_COMPILATION_MODE = wholemodule;
				SWIFT_OPTIMIZATION_LEVEL = "-O";
				VALIDATE_PRODUCT = YES;
			};
			name = Release;
		};
		3457D6E82A36A3A90067D9CC /* Debug */ = {
			isa = XCBuildConfiguration;
			buildSettings = {
				ASSETCATALOG_COMPILER_APPICON_NAME = AppIcon;
				ASSETCATALOG_COMPILER_GLOBAL_ACCENT_COLOR_NAME = AccentColor;
				CODE_SIGN_STYLE = Automatic;
				CURRENT_PROJECT_VERSION = 1;
				DEVELOPMENT_TEAM = W2AXPM9L47;
				GENERATE_INFOPLIST_FILE = YES;
				INFOPLIST_FILE = CartoonApp/Info.plist;
				INFOPLIST_KEY_CFBundleDisplayName = "Cartoon App";
				INFOPLIST_KEY_LSApplicationCategoryType = "public.app-category.education";
				INFOPLIST_KEY_UIApplicationSupportsIndirectInputEvents = YES;
				INFOPLIST_KEY_UILaunchStoryboardName = LaunchScreen;
				INFOPLIST_KEY_UISupportedInterfaceOrientations_iPad = "UIInterfaceOrientationPortrait UIInterfaceOrientationPortraitUpsideDown UIInterfaceOrientationLandscapeLeft UIInterfaceOrientationLandscapeRight";
				INFOPLIST_KEY_UISupportedInterfaceOrientations_iPhone = "UIInterfaceOrientationPortrait UIInterfaceOrientationLandscapeLeft UIInterfaceOrientationLandscapeRight";
				LD_RUNPATH_SEARCH_PATHS = (
					"$(inherited)",
					"@executable_path/Frameworks",
				);
				MARKETING_VERSION = 1.0;
				PRODUCT_BUNDLE_IDENTIFIER = com.aveldanov.CartoonApp;
				PRODUCT_NAME = "$(TARGET_NAME)";
				SWIFT_EMIT_LOC_STRINGS = YES;
				SWIFT_VERSION = 5.0;
				TARGETED_DEVICE_FAMILY = "1,2";
			};
			name = Debug;
		};
		3457D6E92A36A3A90067D9CC /* Release */ = {
			isa = XCBuildConfiguration;
			buildSettings = {
				ASSETCATALOG_COMPILER_APPICON_NAME = AppIcon;
				ASSETCATALOG_COMPILER_GLOBAL_ACCENT_COLOR_NAME = AccentColor;
				CODE_SIGN_STYLE = Automatic;
				CURRENT_PROJECT_VERSION = 1;
				DEVELOPMENT_TEAM = W2AXPM9L47;
				GENERATE_INFOPLIST_FILE = YES;
				INFOPLIST_FILE = CartoonApp/Info.plist;
				INFOPLIST_KEY_CFBundleDisplayName = "Cartoon App";
				INFOPLIST_KEY_LSApplicationCategoryType = "public.app-category.education";
				INFOPLIST_KEY_UIApplicationSupportsIndirectInputEvents = YES;
				INFOPLIST_KEY_UILaunchStoryboardName = LaunchScreen;
				INFOPLIST_KEY_UISupportedInterfaceOrientations_iPad = "UIInterfaceOrientationPortrait UIInterfaceOrientationPortraitUpsideDown UIInterfaceOrientationLandscapeLeft UIInterfaceOrientationLandscapeRight";
				INFOPLIST_KEY_UISupportedInterfaceOrientations_iPhone = "UIInterfaceOrientationPortrait UIInterfaceOrientationLandscapeLeft UIInterfaceOrientationLandscapeRight";
				LD_RUNPATH_SEARCH_PATHS = (
					"$(inherited)",
					"@executable_path/Frameworks",
				);
				MARKETING_VERSION = 1.0;
				PRODUCT_BUNDLE_IDENTIFIER = com.aveldanov.CartoonApp;
				PRODUCT_NAME = "$(TARGET_NAME)";
				SWIFT_EMIT_LOC_STRINGS = YES;
				SWIFT_VERSION = 5.0;
				TARGETED_DEVICE_FAMILY = "1,2";
			};
			name = Release;
		};
/* End XCBuildConfiguration section */

/* Begin XCConfigurationList section */
		3457D6CE2A36A3A80067D9CC /* Build configuration list for PBXProject "CartoonApp" */ = {
			isa = XCConfigurationList;
			buildConfigurations = (
				3457D6E52A36A3A90067D9CC /* Debug */,
				3457D6E62A36A3A90067D9CC /* Release */,
			);
			defaultConfigurationIsVisible = 0;
			defaultConfigurationName = Release;
		};
		3457D6E72A36A3A90067D9CC /* Build configuration list for PBXNativeTarget "CartoonApp" */ = {
			isa = XCConfigurationList;
			buildConfigurations = (
				3457D6E82A36A3A90067D9CC /* Debug */,
				3457D6E92A36A3A90067D9CC /* Release */,
			);
			defaultConfigurationIsVisible = 0;
			defaultConfigurationName = Release;
		};
/* End XCConfigurationList section */
	};
	rootObject = 3457D6CB2A36A3A80067D9CC /* Project object */;
}
